{
  "version": 4,
  "terraform_version": "0.14.7",
  "serial": 9,
  "lineage": "00888a1c-7aa4-7836-9a67-c7aa6a95ad19",
  "outputs": {},
  "resources": [
    {
      "mode": "data",
      "type": "digitalocean_ssh_key",
      "name": "terraform",
      "provider": "provider[\"registry.terraform.io/digitalocean/digitalocean\"]",
      "instances": [
        {
          "schema_version": 0,
          "attributes": {
            "fingerprint": "01:12:af:dd:a4:46:00:1d:61:35:3f:05:20:ae:43:d5",
            "id": "29754538",
            "name": "Ryzen",
            "public_key": "ssh-rsa AAAAB3NzaC1yc2EAAAADAQABAAABgQDGlgzSbILCro5GvKmpf4I8kT08rxOoFA6HqbNGM2GG47UcRdfQSaAyw95PNLAPXiVdukYNCNAMEGXe2U2h/E7cqs2D4DGmPWRaH18kfZAn4GkGMJCWFwu5gU+zDeLFfIeR5KGCQkfMUBZ76b1mmD+nMfJbFI3jpL9qoWIoLxyTlQ7xxibMgBKVPGJbPm30KSGhmtAjeNSQa69ckwIfKn3bZWxVRVI68/L3fRhdinIVCZIweJcUqGxEUaS5ouRW/xjY6oFh4V01A7UxtQk5Bqf8ICjfRDbbN5FoFlAWqd6kI1tlSeJzh9wK+kFNxO8lfaTQtv2P3RkGwozEIOizEzgOYGIBM1iKVW3tjQevOZL5l9wNbkiarSgc4lSzqcXP824FR90ataMmYIT0f10REFKTrbLRnqrzAbkvf5H3Xn1WDM7IBmUyR6OewoZpMyQrINUnUPKan0cl+X7DYwxP5ZFbUnYRHThUyONS7D5THEBWkTYzxXBmEWvc0JhXP9sL1k8= aozora@TOMSRYZEN5"
          },
          "sensitive_attributes": []
        }
      ]
    },
    {
      "mode": "managed",
      "type": "digitalocean_droplet",
      "name": "web-1",
      "provider": "provider[\"registry.terraform.io/digitalocean/digitalocean\"]",
      "instances": [
        {
          "status": "tainted",
          "schema_version": 1,
          "attributes": {
            "backups": false,
            "created_at": "2021-03-07T17:46:14Z",
            "disk": 25,
            "id": "235527261",
            "image": "ubuntu-20-04-x64",
            "ipv4_address": "161.35.104.154",
            "ipv4_address_private": "10.116.0.2",
            "ipv6": false,
            "ipv6_address": "",
            "ipv6_address_private": null,
            "locked": false,
            "memory": 1024,
            "monitoring": false,
            "name": "web-1",
            "price_hourly": 0.00744,
            "price_monthly": 5,
            "private_networking": true,
            "region": "nyc1",
            "resize_disk": true,
            "size": "s-1vcpu-1gb",
            "ssh_keys": [
              "29754538"
            ],
            "status": "active",
            "tags": null,
            "urn": "do:droplet:235527261",
            "user_data": null,
            "vcpus": 1,
            "volume_ids": [],
            "vpc_uuid": "3219829c-aa37-483b-95c6-12df85c8830f"
          },
          "sensitive_attributes": [],
          "private": "eyJzY2hlbWFfdmVyc2lvbiI6IjEifQ==",
          "dependencies": [
            "data.digitalocean_ssh_key.terraform"
          ]
        }
      ]
    }
  ]
}
